{
  "nodes": {
    "home-manager": {
      "inputs": {
        "nixpkgs": [
          "nixpkgs"
        ]
      },
      "locked": {
        "lastModified": 1767024057,
        "narHash": "sha256-B1aycRjMRvb6QOGbnqDhiDzZwMebj5jxZ5qyJzaKvpI=",
        "owner": "nix-community",
        "repo": "home-manager",
        "rev": "34578a2fdfce4257ce5f5baf6e7efbd4e4e252b1",
        "type": "github"
      },
      "original": {
        "owner": "nix-community",
        "ref": "release-25.11",
        "repo": "home-manager",
        "type": "github"
      }
    },
    "nixpkgs": {
      "locked": {
        "lastModified": 1767047869,
        "narHash": "sha256-tzYsEzXEVa7op1LTnrLSiPGrcCY6948iD0EcNLWcmzo=",
        "owner": "NixOS",
        "repo": "nixpkgs",
        "rev": "89dbf01df72eb5ebe3b24a86334b12c27d68016a",
        "type": "github"
      },
      "original": {
        "owner": "NixOS",
        "ref": "nixos-25.11",
        "repo": "nixpkgs",
        "type": "github"
      }
    },
    "nixpkgs-unstable": {
      "locked": {
        "lastModified": 1766902085,
        "narHash": "sha256-coBu0ONtFzlwwVBzmjacUQwj3G+lybcZ1oeNSQkgC0M=",
        "owner": "nixos",
        "repo": "nixpkgs",
        "rev": "c0b0e0fddf73fd517c3471e546c0df87a42d53f4",
        "type": "github"
      },
      "original": {
        "owner": "nixos",
        "ref": "nixos-unstable",
        "repo": "nixpkgs",
        "type": "github"
      }
    },
    "nixpkgs_2": {
      "locked": {
        "lastModified": 1734435836,
        "narHash": "sha256-kMBQ5PRiFLagltK0sH+08aiNt3zGERC2297iB6vrvlU=",
        "owner": "NixOS",
        "repo": "nixpkgs",
        "rev": "4989a246d7a390a859852baddb1013f825435cee",
        "type": "github"
      },
      "original": {
        "owner": "NixOS",
        "ref": "nixpkgs-unstable",
        "repo": "nixpkgs",
        "type": "github"
      }
    },
    "root": {
      "inputs": {
        "home-manager": "home-manager",
        "nixpkgs": "nixpkgs",
        "nixpkgs-unstable": "nixpkgs-unstable",
        "zwift": "zwift"
      }
    },
    "zwift": {
      "inputs": {
        "nixpkgs": "nixpkgs_2"
      },
      "locked": {
        "lastModified": 1767108968,
        "narHash": "sha256-Q+T0tsbwDFMHpr5UZkvedC4nbnxB9c6nI40Wkq/IhpU=",
        "owner": "netbrain",
        "repo": "zwift",
        "rev": "d46213720efb944a4017e90d90497d6c30962a24",
        "type": "github"
      },
      "original": {
        "owner": "netbrain",
        "repo": "zwift",
        "type": "github"
      }
    }
  },
  "root": "root",
  "version": 7
}
